
Microsoft Visual Studio Solution File, Format Version 12.00
# Visual Studio Version 17
VisualStudioVersion = 17.13.35931.197 d17.13
MinimumVisualStudioVersion = 10.0.40219.1
Project("{FAE04EC0-301F-11D3-BF4B-00C04F79EFBC}") = "Noble.Salah.UI", "Noble.Salah.UI\Noble.Salah.UI\Noble.Salah.UI.csproj", "{3229FB5A-8844-4D2C-ACDE-6CB3D61F82B7}"
EndProject
Project("{FAE04EC0-301F-11D3-BF4B-00C04F79EFBC}") = "Noble.Salah.UI.Shared", "Noble.Salah.UI\Noble.Salah.UI.Shared\Noble.Salah.UI.Shared.csproj", "{AF7B916E-3738-4303-8BC7-48633480981B}"
EndProject
Project("{FAE04EC0-301F-11D3-BF4B-00C04F79EFBC}") = "Noble.Salah.UI.Web", "Noble.Salah.UI.Web\Noble.Salah.UI.Web.csproj", "{4FC79BBD-4641-CB00-C87C-45D17554A728}"
EndProject
Project("{FAE04EC0-301F-11D3-BF4B-00C04F79EFBC}") = "Noble.Salah.AppHost", "Noble.Salah.AppHost\Noble.Salah.AppHost.csproj", "{89A6347F-035A-41B0-ABA6-1AEB993A36EF}"
EndProject
Project("{FAE04EC0-301F-11D3-BF4B-00C04F79EFBC}") = "Noble.Salah.ServiceDefaults", "Noble.Salah.ServiceDefaults\Noble.Salah.ServiceDefaults.csproj", "{D316312A-377D-3125-B0F7-4C275C006CB6}"
EndProject
Project("{2150E333-8FDC-42A3-9474-1A3956D46DE8}") = "Clients", "Clients", "{02EA681E-C7D8-13C7-8484-4AC65E1B71E8}"
EndProject
Project("{2150E333-8FDC-42A3-9474-1A3956D46DE8}") = "Shared", "Shared", "{940EFDB9-883F-4B82-99E8-5E230A4127BC}"
EndProject
Project("{2150E333-8FDC-42A3-9474-1A3956D46DE8}") = "Support", "Support", "{69A55555-9FBD-4CF8-808E-3D8C80122427}"
EndProject
Project("{FAE04EC0-301F-11D3-BF4B-00C04F79EFBC}") = "Noble.Salah.Common", "Noble.Salah.Common\Noble.Salah.Common.csproj", "{17DB7A01-EED8-474E-955A-B7A5304947EA}"
EndProject
Project("{FAE04EC0-301F-11D3-BF4B-00C04F79EFBC}") = "Noble.Salah.Integration", "Noble.Salah.Integration\Noble.Salah.Integration.csproj", "{0E328496-403E-48B8-8E5E-40B39D117C8E}"
EndProject
Global
	GlobalSection(SolutionConfigurationPlatforms) = preSolution
		Debug|Any CPU = Debug|Any CPU
		Release|Any CPU = Release|Any CPU
	EndGlobalSection
	GlobalSection(ProjectConfigurationPlatforms) = postSolution
		{3229FB5A-8844-4D2C-ACDE-6CB3D61F82B7}.Debug|Any CPU.ActiveCfg = Debug|Any CPU
		{3229FB5A-8844-4D2C-ACDE-6CB3D61F82B7}.Debug|Any CPU.Build.0 = Debug|Any CPU
		{3229FB5A-8844-4D2C-ACDE-6CB3D61F82B7}.Release|Any CPU.ActiveCfg = Release|Any CPU
		{3229FB5A-8844-4D2C-ACDE-6CB3D61F82B7}.Release|Any CPU.Build.0 = Release|Any CPU
		{AF7B916E-3738-4303-8BC7-48633480981B}.Debug|Any CPU.ActiveCfg = Debug|Any CPU
		{AF7B916E-3738-4303-8BC7-48633480981B}.Debug|Any CPU.Build.0 = Debug|Any CPU
		{AF7B916E-3738-4303-8BC7-48633480981B}.Release|Any CPU.ActiveCfg = Release|Any CPU
		{AF7B916E-3738-4303-8BC7-48633480981B}.Release|Any CPU.Build.0 = Release|Any CPU
		{4FC79BBD-4641-CB00-C87C-45D17554A728}.Debug|Any CPU.ActiveCfg = Debug|Any CPU
		{4FC79BBD-4641-CB00-C87C-45D17554A728}.Debug|Any CPU.Build.0 = Debug|Any CPU
		{4FC79BBD-4641-CB00-C87C-45D17554A728}.Release|Any CPU.ActiveCfg = Release|Any CPU
		{4FC79BBD-4641-CB00-C87C-45D17554A728}.Release|Any CPU.Build.0 = Release|Any CPU
		{89A6347F-035A-41B0-ABA6-1AEB993A36EF}.Debug|Any CPU.ActiveCfg = Debug|Any CPU
		{89A6347F-035A-41B0-ABA6-1AEB993A36EF}.Debug|Any CPU.Build.0 = Debug|Any CPU
		{89A6347F-035A-41B0-ABA6-1AEB993A36EF}.Release|Any CPU.ActiveCfg = Release|Any CPU
		{89A6347F-035A-41B0-ABA6-1AEB993A36EF}.Release|Any CPU.Build.0 = Release|Any CPU
		{D316312A-377D-3125-B0F7-4C275C006CB6}.Debug|Any CPU.ActiveCfg = Debug|Any CPU
		{D316312A-377D-3125-B0F7-4C275C006CB6}.Debug|Any CPU.Build.0 = Debug|Any CPU
		{D316312A-377D-3125-B0F7-4C275C006CB6}.Release|Any CPU.ActiveCfg = Release|Any CPU
		{D316312A-377D-3125-B0F7-4C275C006CB6}.Release|Any CPU.Build.0 = Release|Any CPU
		{17DB7A01-EED8-474E-955A-B7A5304947EA}.Debug|Any CPU.ActiveCfg = Debug|Any CPU
		{17DB7A01-EED8-474E-955A-B7A5304947EA}.Debug|Any CPU.Build.0 = Debug|Any CPU
		{17DB7A01-EED8-474E-955A-B7A5304947EA}.Release|Any CPU.ActiveCfg = Release|Any CPU
		{17DB7A01-EED8-474E-955A-B7A5304947EA}.Release|Any CPU.Build.0 = Release|Any CPU
		{0E328496-403E-48B8-8E5E-40B39D117C8E}.Debug|Any CPU.ActiveCfg = Debug|Any CPU
		{0E328496-403E-48B8-8E5E-40B39D117C8E}.Debug|Any CPU.Build.0 = Debug|Any CPU
		{0E328496-403E-48B8-8E5E-40B39D117C8E}.Release|Any CPU.ActiveCfg = Release|Any CPU
		{0E328496-403E-48B8-8E5E-40B39D117C8E}.Release|Any CPU.Build.0 = Release|Any CPU
	EndGlobalSection
	GlobalSection(SolutionProperties) = preSolution
		HideSolutionNode = FALSE
	EndGlobalSection
	GlobalSection(NestedProjects) = preSolution
		{3229FB5A-8844-4D2C-ACDE-6CB3D61F82B7} = {02EA681E-C7D8-13C7-8484-4AC65E1B71E8}
		{AF7B916E-3738-4303-8BC7-48633480981B} = {02EA681E-C7D8-13C7-8484-4AC65E1B71E8}
		{4FC79BBD-4641-CB00-C87C-45D17554A728} = {02EA681E-C7D8-13C7-8484-4AC65E1B71E8}
		{89A6347F-035A-41B0-ABA6-1AEB993A36EF} = {69A55555-9FBD-4CF8-808E-3D8C80122427}
		{D316312A-377D-3125-B0F7-4C275C006CB6} = {69A55555-9FBD-4CF8-808E-3D8C80122427}
		{17DB7A01-EED8-474E-955A-B7A5304947EA} = {940EFDB9-883F-4B82-99E8-5E230A4127BC}
		{0E328496-403E-48B8-8E5E-40B39D117C8E} = {940EFDB9-883F-4B82-99E8-5E230A4127BC}
	EndGlobalSection
	GlobalSection(ExtensibilityGlobals) = postSolution
		SolutionGuid = {DFEB1262-9600-4870-93E2-11CC07240049}
	EndGlobalSection
EndGlobal
